
Microsoft Visual Studio Solution File, Format Version 12.00
# Visual Studio Version 16
VisualStudioVersion = 16.0.30413.136
MinimumVisualStudioVersion = 10.0.40219.1
Project("{9A19103F-16F7-4668-BE54-9A1E7A4F7556}") = "tictactoe", "tic-tac-toe\tictactoe.csproj", "{A8F87437-56A1-4C88-96B9-BE888E0E9C53}"
EndProject
Global
	GlobalSection(SolutionConfigurationPlatforms) = preSolution
		Debug|Any CPU = Debug|Any CPU
		Release|Any CPU = Release|Any CPU
	EndGlobalSection
	GlobalSection(ProjectConfigurationPlatforms) = postSolution
		{A8F87437-56A1-4C88-96B9-BE888E0E9C53}.Debug|Any CPU.ActiveCfg = Debug|Any CPU
		{A8F87437-56A1-4C88-96B9-BE888E0E9C53}.Debug|Any CPU.Build.0 = Debug|Any CPU
		{A8F87437-56A1-4C88-96B9-BE888E0E9C53}.Release|Any CPU.ActiveCfg = Release|Any CPU
		{A8F87437-56A1-4C88-96B9-BE888E0E9C53}.Release|Any CPU.Build.0 = Release|Any CPU
	EndGlobalSection
	GlobalSection(SolutionProperties) = preSolution
		HideSolutionNode = FALSE
	EndGlobalSection
	GlobalSection(ExtensibilityGlobals) = postSolution
		SolutionGuid = {72EA829D-0A62-4CDF-A9AE-3B5CB0E18C4E}
	EndGlobalSection
EndGlobal
